
Microsoft Visual Studio Solution File, Format Version 12.00
# Visual Studio Version 16
VisualStudioVersion = 16.0.32106.194
MinimumVisualStudioVersion = 10.0.40219.1
Project("{FAE04EC0-301F-11D3-BF4B-00C04F79EFBC}") = "PeopleWebApp", "PeopleWebApp\PeopleWebApp.csproj", "{FF950746-1846-4EC6-B9EB-DD725FA9F2A8}"
EndProject
Global
	GlobalSection(SolutionConfigurationPlatforms) = preSolution
		Debug|Any CPU = Debug|Any CPU
		Release|Any CPU = Release|Any CPU
	EndGlobalSection
	GlobalSection(ProjectConfigurationPlatforms) = postSolution
		{FF950746-1846-4EC6-B9EB-DD725FA9F2A8}.Debug|Any CPU.ActiveCfg = Debug|Any CPU
		{FF950746-1846-4EC6-B9EB-DD725FA9F2A8}.Debug|Any CPU.Build.0 = Debug|Any CPU
		{FF950746-1846-4EC6-B9EB-DD725FA9F2A8}.Release|Any CPU.ActiveCfg = Release|Any CPU
		{FF950746-1846-4EC6-B9EB-DD725FA9F2A8}.Release|Any CPU.Build.0 = Release|Any CPU
	EndGlobalSection
	GlobalSection(SolutionProperties) = preSolution
		HideSolutionNode = FALSE
	EndGlobalSection
	GlobalSection(ExtensibilityGlobals) = postSolution
		SolutionGuid = {3452B637-FB25-462A-B1DA-861C713C0467}
	EndGlobalSection
EndGlobal
